github.com/gorilla/websocket v1.5.0 h1:PPwGk2jz7EePpoHN/+ClbZu8SPxiqlu12wZP/3sWmnc=
github.com/gorilla/websocket v1.5.0/go.mod h1:YR8l580nyteQvAITg2hZ9XVh4b55+EU/adAjf1fMHhE=
github.com/oswaldoooo/octools v0.0.0-20230214093437-8c77c93d1736 h1:C5Cu2mYkzQRDBmCCwMnWRzC69A66dabBnN/ulNY9ZlU=
github.com/oswaldoooo/octools v0.0.0-20230214093437-8c77c93d1736/go.mod h1:RCEYExIS71OUGjKdwyBhuKOIeHMjcBQxL6ErFpFNw0o=
